<?xml version="1.0" encoding="utf-8"?>
<Project ToolsVersion="4.0" xmlns="http://schemas.microsoft.com/developer/msbuild/2003">
  <ItemGroup>
    <ClCompile Include="Abstract_Data.cpp" />
    <ClCompile Include="AlembicWriter.cpp" />
    <ClCompile Include="CameraManager.cpp" />
    <ClCompile Include="ErrorLogger.cpp" />
    <ClCompile Include="Image_Data.cpp" />
    <ClCompile Include="KinectRenderer.cpp" />
    <ClCompile Include="Main.cpp" />
    <ClCompile Include="TextureUnpacker.cpp" />
    <ClCompile Include="Livescan_Data.cpp" />
    <ClCompile Include="MeshingVoxelGrid.cpp" />
    <ClCompile Include="NodeWrapper.cpp" />
    <ClCompile Include="EncodeDecodeManager.cpp" />
    <ClCompile Include="STB_Image_Wrapper.cpp" />
    <ClCompile Include="AlembicExportSuite.cpp" />
    <ClCompile Include="VolumeSequence.cpp" />
    <ClCompile Include="VV_Mesh.cpp">
      <Filter>VV_Mesh</Filter>
    </ClCompile>
    <ClCompile Include="MeshDecimator.cpp" />
    <ClCompile Include="TestFFT.cpp">
      <Filter>TestSuites</Filter>
    </ClCompile>
    <ClCompile Include="TestMultiMesh.cpp">
      <Filter>TestSuites</Filter>
    </ClCompile>
    <ClCompile Include="TestZIP.cpp">
      <Filter>TestSuites</Filter>
    </ClCompile>
    <ClCompile Include="PointCloudSuite.cpp">
      <Filter>TestSuites</Filter>
    </ClCompile>
    <ClCompile Include="CGAL_TestSuite.cpp">
      <Filter>TestSuites</Filter>
    </ClCompile>
    <ClCompile Include="SingleMeshSuite.cpp">
      <Filter>TestSuites</Filter>
    </ClCompile>
    <ClCompile Include="DataMarshalling.cpp" />
    <ClCompile Include="CGAL_MeshInterop.cpp" />
    <ClCompile Include="DracoWrapper.cpp" />
    <ClCompile Include="DracoEXE_TestSuite.cpp">
      <Filter>TestSuites</Filter>
    </ClCompile>
    <ClCompile Include="AbstractSequence.cpp" />
  </ItemGroup>
  <ItemGroup>
    <ClCompile Include="KinectRenderer.cpp">
      <Filter>Source Files</Filter>
    </ClCompile>
    <ClCompile Include="Main.cpp">
      <Filter>Source Files</Filter>
    </ClCompile>
    <ClCompile Include="ErrorLogger.cpp">
      <Filter>Source Files</Filter>
    </ClCompile>
    <ClCompile Include="CameraManager.cpp">
      <Filter>Source Files</Filter>
    </ClCompile>
    <ClCompile Include="Image_Data.cpp">
      <Filter>Source Files</Filter>
    </ClCompile>
    <ClCompile Include="Abstract_Data.cpp">
      <Filter>Source Files</Filter>
    </ClCompile>
    <ClCompile Include="AlembicWriter.cpp">
      <Filter>Source Files</Filter>
    </ClCompile>
    <ClCompile Include="TextureUnpacker.cpp">
      <Filter>Source Files</Filter>
    </ClCompile>
  </ItemGroup>
  <ItemGroup>
    <ClInclude Include="Abstract_Data.h" />
    <ClInclude Include="AdditionalUtilities.h" />
    <ClInclude Include="AlembicWriter.h" />
    <ClInclude Include="CameraManager.h" />
    <ClInclude Include="ColorMapOptimizer.h" />
    <ClInclude Include="ErrorLogger.h" />
    <ClInclude Include="Image_Data.h" />
    <ClInclude Include="Livescan_Data.h" />
    <ClInclude Include="TextureUnpacker.h" />
    <ClInclude Include="VoxelGridData.h" />
    <ClInclude Include="MeshingVoxelGrid.h" />
    <ClInclude Include="NodeWrapper.h" />
    <ClInclude Include="AbstractCommand.h" />
    <ClInclude Include="EncodeDecodeManager.h" />
    <ClInclude Include="stb_image.h" />
    <ClInclude Include="STB_Image_Wrapper.h" />
    <ClInclude Include="AlembicExportSuite.h" />
    <ClInclude Include="VolumeSequence.h" />
    <ClInclude Include="VV_Mesh.h">
      <Filter>VV_Mesh</Filter>
    </ClInclude>
    <ClInclude Include="VV_Mesh_Abstract_Attribute.h">
      <Filter>VV_Mesh</Filter>
    </ClInclude>
    <ClInclude Include="MeshDecimator.h" />
    <ClInclude Include="TestZIP.h">
      <Filter>TestSuites</Filter>
    </ClInclude>
    <ClInclude Include="TestFFT.h">
      <Filter>TestSuites</Filter>
    </ClInclude>
    <ClInclude Include="TestMultiMesh.h">
      <Filter>TestSuites</Filter>
    </ClInclude>
    <ClInclude Include="TestSuite.h">
      <Filter>TestSuites</Filter>
    </ClInclude>
    <ClInclude Include="PointCloudSuite.h">
      <Filter>TestSuites</Filter>
    </ClInclude>
    <ClInclude Include="CGAL_TestSuite.h">
      <Filter>TestSuites</Filter>
    </ClInclude>
    <ClInclude Include="SingleMeshSuite.h">
      <Filter>TestSuites</Filter>
    </ClInclude>
    <ClInclude Include="DataMarshalling.h" />
    <ClInclude Include="CGAL_MeshInterop.h" />
    <ClInclude Include="DracoWrapper.h" />
    <ClInclude Include="DracoEXE_TestSuite.h">
      <Filter>TestSuites</Filter>
    </ClInclude>
    <ClInclude Include="MeshSequence.h" />
    <ClInclude Include="AbstractSequence.h" />
  </ItemGroup>
  <ItemGroup>
    <Filter Include="VV_Mesh">
      <UniqueIdentifier>{1349e894-68e5-47f8-b25a-5eeafa769694}</UniqueIdentifier>
    </Filter>
    <Filter Include="TestSuites">
      <UniqueIdentifier>{450804b8-44a0-4d02-8b12-71cc241ab1bb}</UniqueIdentifier>
    </Filter>
  </ItemGroup>
</Project>