<?xml version="1.0" encoding="utf-8"?>
<Project ToolsVersion="4.0" xmlns="http://schemas.microsoft.com/developer/msbuild/2003">
  <ItemGroup>
    <ClCompile Include="Abstract_Data.cpp" />
    <ClCompile Include="AlembicWriter.cpp" />
    <ClCompile Include="CameraManager.cpp" />
    <ClCompile Include="ErrorLogger.cpp" />
    <ClCompile Include="Image_Data.cpp" />
    <ClCompile Include="KinectRenderer.cpp" />
    <ClCompile Include="Main.cpp" />
    <ClCompile Include="MKV_Data.cpp" />
    <ClCompile Include="TextureUnpacker.cpp" />
  </ItemGroup>
  <ItemGroup>
    <ClInclude Include="Abstract_Data.h" />
    <ClInclude Include="AdditionalUtilities.h" />
    <ClInclude Include="AlembicWriter.h" />
    <ClInclude Include="CameraManager.h" />
    <ClInclude Include="ColorMapOptimizer.h" />
    <ClInclude Include="ErrorLogger.h" />
    <ClInclude Include="Image_Data.h" />
    <ClInclude Include="MKV_Data.h" />
    <ClInclude Include="TextureUnpacker.h" />
    <ClInclude Include="VoxelGridData.h" />
  </ItemGroup>
</Project>